
Microsoft Visual Studio Solution File, Format Version 12.00
# Visual Studio Version 16
VisualStudioVersion = 16.0.808.2
MinimumVisualStudioVersion = 10.0.40219.1
Project("{FAE04EC0-301F-11D3-BF4B-00C04F79EFBC}") = "HTT2", "HTT2\HTT2.csproj", "{D84A436D-4E91-4853-A8AD-5A73B921F18C}"
EndProject
Global
	GlobalSection(SolutionConfigurationPlatforms) = preSolution
		Debug|Any CPU = Debug|Any CPU
		Release|Any CPU = Release|Any CPU
	EndGlobalSection
	GlobalSection(ProjectConfigurationPlatforms) = postSolution
		{D84A436D-4E91-4853-A8AD-5A73B921F18C}.Debug|Any CPU.ActiveCfg = Debug|Any CPU
		{D84A436D-4E91-4853-A8AD-5A73B921F18C}.Debug|Any CPU.Build.0 = Debug|Any CPU
		{D84A436D-4E91-4853-A8AD-5A73B921F18C}.Release|Any CPU.ActiveCfg = Release|Any CPU
		{D84A436D-4E91-4853-A8AD-5A73B921F18C}.Release|Any CPU.Build.0 = Release|Any CPU
	EndGlobalSection
	GlobalSection(SolutionProperties) = preSolution
		HideSolutionNode = FALSE
	EndGlobalSection
	GlobalSection(ExtensibilityGlobals) = postSolution
		SolutionGuid = {CF474911-7BD1-4070-8271-212915B0ACF6}
	EndGlobalSection
EndGlobal
